
Microsoft Visual Studio Solution File, Format Version 12.00
# Visual Studio Version 17
VisualStudioVersion = 17.10.34928.147
MinimumVisualStudioVersion = 10.0.40219.1
Project("{9A19103F-16F7-4668-BE54-9A1E7A4F7556}") = "Data", "Data\Data.csproj", "{90CA0D29-8481-4CCD-A0D8-5F8253D0CBD8}"
EndProject
Project("{FAE04EC0-301F-11D3-BF4B-00C04F79EFBC}") = "Presentation", "Presentation\Presentation.csproj", "{6D75EA2F-B703-4E32-8F1E-D0BB06D05DCA}"
EndProject
Global
	GlobalSection(SolutionConfigurationPlatforms) = preSolution
		Debug|Any CPU = Debug|Any CPU
		Release|Any CPU = Release|Any CPU
	EndGlobalSection
	GlobalSection(ProjectConfigurationPlatforms) = postSolution
		{90CA0D29-8481-4CCD-A0D8-5F8253D0CBD8}.Debug|Any CPU.ActiveCfg = Debug|Any CPU
		{90CA0D29-8481-4CCD-A0D8-5F8253D0CBD8}.Debug|Any CPU.Build.0 = Debug|Any CPU
		{90CA0D29-8481-4CCD-A0D8-5F8253D0CBD8}.Release|Any CPU.ActiveCfg = Release|Any CPU
		{90CA0D29-8481-4CCD-A0D8-5F8253D0CBD8}.Release|Any CPU.Build.0 = Release|Any CPU
		{6D75EA2F-B703-4E32-8F1E-D0BB06D05DCA}.Debug|Any CPU.ActiveCfg = Debug|Any CPU
		{6D75EA2F-B703-4E32-8F1E-D0BB06D05DCA}.Debug|Any CPU.Build.0 = Debug|Any CPU
		{6D75EA2F-B703-4E32-8F1E-D0BB06D05DCA}.Release|Any CPU.ActiveCfg = Release|Any CPU
		{6D75EA2F-B703-4E32-8F1E-D0BB06D05DCA}.Release|Any CPU.Build.0 = Release|Any CPU
	EndGlobalSection
	GlobalSection(SolutionProperties) = preSolution
		HideSolutionNode = FALSE
	EndGlobalSection
	GlobalSection(ExtensibilityGlobals) = postSolution
		SolutionGuid = {F5291A1C-2ACD-4B02-9CAB-3382827BABB3}
	EndGlobalSection
EndGlobal
